
Microsoft Visual Studio Solution File, Format Version 12.00
# Visual Studio Version 17
VisualStudioVersion = 17.7.34024.191
MinimumVisualStudioVersion = 10.0.40219.1
Project("{FAE04EC0-301F-11D3-BF4B-00C04F79EFBC}") = "Task1.calculator", "Task1.calculator\Task1.calculator.csproj", "{AD78FD95-E6EB-4375-85BB-5BBCD8813E80}"
EndProject
Global
	GlobalSection(SolutionConfigurationPlatforms) = preSolution
		Debug|Any CPU = Debug|Any CPU
		Release|Any CPU = Release|Any CPU
	EndGlobalSection
	GlobalSection(ProjectConfigurationPlatforms) = postSolution
		{AD78FD95-E6EB-4375-85BB-5BBCD8813E80}.Debug|Any CPU.ActiveCfg = Debug|Any CPU
		{AD78FD95-E6EB-4375-85BB-5BBCD8813E80}.Debug|Any CPU.Build.0 = Debug|Any CPU
		{AD78FD95-E6EB-4375-85BB-5BBCD8813E80}.Release|Any CPU.ActiveCfg = Release|Any CPU
		{AD78FD95-E6EB-4375-85BB-5BBCD8813E80}.Release|Any CPU.Build.0 = Release|Any CPU
	EndGlobalSection
	GlobalSection(SolutionProperties) = preSolution
		HideSolutionNode = FALSE
	EndGlobalSection
	GlobalSection(ExtensibilityGlobals) = postSolution
		SolutionGuid = {D73867AD-8160-486F-A1EB-9F3180A39F8A}
	EndGlobalSection
EndGlobal
